
Microsoft Visual Studio Solution File, Format Version 12.00
# Visual Studio Version 17
VisualStudioVersion = 17.11.35219.272
MinimumVisualStudioVersion = 10.0.40219.1
Project("{9A19103F-16F7-4668-BE54-9A1E7A4F7556}") = "Marcelina-Application", "Marcelina-Application\Marcelina-Application.csproj", "{0E15BE74-AA40-4546-AEE2-62A8E46AF8AF}"
EndProject
Project("{9A19103F-16F7-4668-BE54-9A1E7A4F7556}") = "Marcelina-Domain", "Marcelina-Domain\Marcelina-Domain.csproj", "{3B454497-08C4-4E65-A293-ED3C03E66109}"
EndProject
Project("{9A19103F-16F7-4668-BE54-9A1E7A4F7556}") = "Marcelina-infrastructure", "Marcelina-infrastructure\Marcelina-infrastructure.csproj", "{88D64A4D-504E-462D-BCD0-ECB65884FFDC}"
EndProject
Project("{9A19103F-16F7-4668-BE54-9A1E7A4F7556}") = "MarcelinaBlazorUI", "MarcelinaBlazorUI\MarcelinaBlazorUI.csproj", "{A485391D-D421-4639-8416-7DC2D082E22D}"
EndProject
Global
	GlobalSection(SolutionConfigurationPlatforms) = preSolution
		Debug|Any CPU = Debug|Any CPU
		Release|Any CPU = Release|Any CPU
	EndGlobalSection
	GlobalSection(ProjectConfigurationPlatforms) = postSolution
		{0E15BE74-AA40-4546-AEE2-62A8E46AF8AF}.Debug|Any CPU.ActiveCfg = Debug|Any CPU
		{0E15BE74-AA40-4546-AEE2-62A8E46AF8AF}.Debug|Any CPU.Build.0 = Debug|Any CPU
		{0E15BE74-AA40-4546-AEE2-62A8E46AF8AF}.Release|Any CPU.ActiveCfg = Release|Any CPU
		{0E15BE74-AA40-4546-AEE2-62A8E46AF8AF}.Release|Any CPU.Build.0 = Release|Any CPU
		{3B454497-08C4-4E65-A293-ED3C03E66109}.Debug|Any CPU.ActiveCfg = Debug|Any CPU
		{3B454497-08C4-4E65-A293-ED3C03E66109}.Debug|Any CPU.Build.0 = Debug|Any CPU
		{3B454497-08C4-4E65-A293-ED3C03E66109}.Release|Any CPU.ActiveCfg = Release|Any CPU
		{3B454497-08C4-4E65-A293-ED3C03E66109}.Release|Any CPU.Build.0 = Release|Any CPU
		{88D64A4D-504E-462D-BCD0-ECB65884FFDC}.Debug|Any CPU.ActiveCfg = Debug|Any CPU
		{88D64A4D-504E-462D-BCD0-ECB65884FFDC}.Debug|Any CPU.Build.0 = Debug|Any CPU
		{88D64A4D-504E-462D-BCD0-ECB65884FFDC}.Release|Any CPU.ActiveCfg = Release|Any CPU
		{88D64A4D-504E-462D-BCD0-ECB65884FFDC}.Release|Any CPU.Build.0 = Release|Any CPU
		{A485391D-D421-4639-8416-7DC2D082E22D}.Debug|Any CPU.ActiveCfg = Debug|Any CPU
		{A485391D-D421-4639-8416-7DC2D082E22D}.Debug|Any CPU.Build.0 = Debug|Any CPU
		{A485391D-D421-4639-8416-7DC2D082E22D}.Release|Any CPU.ActiveCfg = Release|Any CPU
		{A485391D-D421-4639-8416-7DC2D082E22D}.Release|Any CPU.Build.0 = Release|Any CPU
	EndGlobalSection
	GlobalSection(SolutionProperties) = preSolution
		HideSolutionNode = FALSE
	EndGlobalSection
	GlobalSection(ExtensibilityGlobals) = postSolution
		SolutionGuid = {DF66F3B4-BDA8-446C-9C05-965EA2EF3F35}
	EndGlobalSection
EndGlobal
